
Microsoft Visual Studio Solution File, Format Version 12.00
# Visual Studio Version 16
VisualStudioVersion = 16.0.30011.22
MinimumVisualStudioVersion = 10.0.40219.1
Project("{9A19103F-16F7-4668-BE54-9A1E7A4F7556}") = "CoinPlugin", "CoinPlugin.csproj", "{5742954E-4227-4557-945E-3B095E66512E}"
EndProject
Global
	GlobalSection(SolutionConfigurationPlatforms) = preSolution
		Debug|Any CPU = Debug|Any CPU
		Release|Any CPU = Release|Any CPU
	EndGlobalSection
	GlobalSection(ProjectConfigurationPlatforms) = postSolution
		{5742954E-4227-4557-945E-3B095E66512E}.Debug|Any CPU.ActiveCfg = Debug|Any CPU
		{5742954E-4227-4557-945E-3B095E66512E}.Debug|Any CPU.Build.0 = Debug|Any CPU
		{5742954E-4227-4557-945E-3B095E66512E}.Release|Any CPU.ActiveCfg = Release|Any CPU
		{5742954E-4227-4557-945E-3B095E66512E}.Release|Any CPU.Build.0 = Release|Any CPU
	EndGlobalSection
	GlobalSection(SolutionProperties) = preSolution
		HideSolutionNode = FALSE
	EndGlobalSection
	GlobalSection(ExtensibilityGlobals) = postSolution
		SolutionGuid = {0CB94EA7-BE58-4B23-91FA-F42A6E359BA8}
	EndGlobalSection
EndGlobal
